<?xml version="1.0" encoding="utf-8"?>
<Project ToolsVersion="4.0" xmlns="http://schemas.microsoft.com/developer/msbuild/2003">
  <ItemGroup>
    <Filter Include="Исходные файлы">
      <UniqueIdentifier>{4FC737F1-C7A5-4376-A066-2A32D752A2FF}</UniqueIdentifier>
      <Extensions>cpp;c;cc;cxx;c++;cppm;ixx;def;odl;idl;hpj;bat;asm;asmx</Extensions>
    </Filter>
    <Filter Include="Файлы заголовков">
      <UniqueIdentifier>{93995380-89BD-4b04-88EB-625FBE52EBFB}</UniqueIdentifier>
      <Extensions>h;hh;hpp;hxx;h++;hm;inl;inc;ipp;xsd</Extensions>
    </Filter>
    <Filter Include="Файлы ресурсов">
      <UniqueIdentifier>{67DA6AB6-F800-4c08-8B7A-83BB121AAD01}</UniqueIdentifier>
      <Extensions>rc;ico;cur;bmp;dlg;rc2;rct;bin;rgs;gif;jpg;jpeg;jpe;resx;tiff;tif;png;wav;mfcribbon-ms</Extensions>
    </Filter>
    <Filter Include="Menu">
      <UniqueIdentifier>{de2363bd-6da2-45b2-8264-062c4a62696a}</UniqueIdentifier>
    </Filter>
    <Filter Include="Utility">
      <UniqueIdentifier>{56bd72a4-9f0b-4e81-b25c-c6d14d11548c}</UniqueIdentifier>
    </Filter>
    <Filter Include="Models">
      <UniqueIdentifier>{713ad03b-b881-4023-b6e6-8e0e3a45b49b}</UniqueIdentifier>
    </Filter>
    <Filter Include="Models\LongestSubstring">
      <UniqueIdentifier>{7b5e3bd2-d1ae-4461-8005-ef456eed9b5f}</UniqueIdentifier>
    </Filter>
    <Filter Include="Testing">
      <UniqueIdentifier>{a3cd387b-9190-4a30-aa7c-bb5c6097eb67}</UniqueIdentifier>
    </Filter>
    <Filter Include="Utility\Files">
      <UniqueIdentifier>{9cfcf699-9240-40ed-96de-99e585519eaf}</UniqueIdentifier>
    </Filter>
    <Filter Include="Utility\Inputs">
      <UniqueIdentifier>{ba4411d0-d368-4d9d-97be-c87f9f902c55}</UniqueIdentifier>
    </Filter>
    <Filter Include="Testing\Models">
      <UniqueIdentifier>{98372b97-5566-4f7d-a662-6649f8015354}</UniqueIdentifier>
    </Filter>
  </ItemGroup>
  <ItemGroup>
    <ClCompile Include="ItTestSecSem3.cpp">
      <Filter>Исходные файлы</Filter>
    </ClCompile>
    <ClCompile Include="Menu.cpp">
      <Filter>Menu</Filter>
    </ClCompile>
    <ClCompile Include="MenuOption.cpp">
      <Filter>Menu</Filter>
    </ClCompile>
    <ClCompile Include="utils.cpp">
      <Filter>Utility</Filter>
    </ClCompile>
    <ClCompile Include="LongestSubstring.cpp">
      <Filter>Models\LongestSubstring</Filter>
    </ClCompile>
    <ClCompile Include="files.cpp">
      <Filter>Utility\Files</Filter>
    </ClCompile>
    <ClCompile Include="validation.cpp">
      <Filter>Utility\Files</Filter>
    </ClCompile>
    <ClCompile Include="inputs.cpp">
      <Filter>Utility\Inputs</Filter>
    </ClCompile>
    <ClCompile Include="TestCase.cpp">
      <Filter>Testing\Models</Filter>
    </ClCompile>
    <ClCompile Include="TestResult.cpp">
      <Filter>Testing\Models</Filter>
    </ClCompile>
    <ClCompile Include="testMain.cpp">
      <Filter>Testing</Filter>
    </ClCompile>
  </ItemGroup>
  <ItemGroup>
    <ClInclude Include="Menu.h">
      <Filter>Menu</Filter>
    </ClInclude>
    <ClInclude Include="MenuOption.h">
      <Filter>Menu</Filter>
    </ClInclude>
    <ClInclude Include="utils.h">
      <Filter>Utility</Filter>
    </ClInclude>
    <ClInclude Include="LongestSubstring.h">
      <Filter>Models\LongestSubstring</Filter>
    </ClInclude>
    <ClInclude Include="files.h">
      <Filter>Utility\Files</Filter>
    </ClInclude>
    <ClInclude Include="validation.h">
      <Filter>Utility\Files</Filter>
    </ClInclude>
    <ClInclude Include="inputs.h">
      <Filter>Utility\Inputs</Filter>
    </ClInclude>
    <ClInclude Include="TestCase.h">
      <Filter>Testing\Models</Filter>
    </ClInclude>
    <ClInclude Include="TestResult.h">
      <Filter>Testing\Models</Filter>
    </ClInclude>
    <ClInclude Include="testMain.h">
      <Filter>Testing</Filter>
    </ClInclude>
  </ItemGroup>
</Project>